
Microsoft Visual Studio Solution File, Format Version 12.00
# Visual Studio Version 17
VisualStudioVersion = 17.9.34723.18
MinimumVisualStudioVersion = 10.0.40219.1
Project("{FAE04EC0-301F-11D3-BF4B-00C04F79EFBC}") = "kurs_v2.0", "kurs_v2.0\kurs_v2.0.csproj", "{1C96044F-690B-4BED-9696-21F7AF444557}"
EndProject
Global
	GlobalSection(SolutionConfigurationPlatforms) = preSolution
		Debug|Any CPU = Debug|Any CPU
		Release|Any CPU = Release|Any CPU
	EndGlobalSection
	GlobalSection(ProjectConfigurationPlatforms) = postSolution
		{1C96044F-690B-4BED-9696-21F7AF444557}.Debug|Any CPU.ActiveCfg = Debug|Any CPU
		{1C96044F-690B-4BED-9696-21F7AF444557}.Debug|Any CPU.Build.0 = Debug|Any CPU
		{1C96044F-690B-4BED-9696-21F7AF444557}.Release|Any CPU.ActiveCfg = Release|Any CPU
		{1C96044F-690B-4BED-9696-21F7AF444557}.Release|Any CPU.Build.0 = Release|Any CPU
	EndGlobalSection
	GlobalSection(SolutionProperties) = preSolution
		HideSolutionNode = FALSE
	EndGlobalSection
	GlobalSection(ExtensibilityGlobals) = postSolution
		SolutionGuid = {F87B5221-4BCC-4D70-88D1-6708037FCB33}
	EndGlobalSection
EndGlobal
